
Microsoft Visual Studio Solution File, Format Version 12.00
# Visual Studio 15
VisualStudioVersion = 15.0.28307.1062
MinimumVisualStudioVersion = 10.0.40219.1
Project("{FAE04EC0-301F-11D3-BF4B-00C04F79EFBC}") = "ProceduralMusic", "ProceduralMusic\ProceduralMusic.csproj", "{4A4D7716-1158-4B38-AC95-EC94D697090D}"
EndProject
Global
	GlobalSection(SolutionConfigurationPlatforms) = preSolution
		Debug|Any CPU = Debug|Any CPU
		Release|Any CPU = Release|Any CPU
	EndGlobalSection
	GlobalSection(ProjectConfigurationPlatforms) = postSolution
		{4A4D7716-1158-4B38-AC95-EC94D697090D}.Debug|Any CPU.ActiveCfg = Debug|Any CPU
		{4A4D7716-1158-4B38-AC95-EC94D697090D}.Debug|Any CPU.Build.0 = Debug|Any CPU
		{4A4D7716-1158-4B38-AC95-EC94D697090D}.Release|Any CPU.ActiveCfg = Release|Any CPU
		{4A4D7716-1158-4B38-AC95-EC94D697090D}.Release|Any CPU.Build.0 = Release|Any CPU
	EndGlobalSection
	GlobalSection(SolutionProperties) = preSolution
		HideSolutionNode = FALSE
	EndGlobalSection
	GlobalSection(ExtensibilityGlobals) = postSolution
		SolutionGuid = {25E9C1D9-7AB9-4871-BEA1-0B316EFDA9E1}
	EndGlobalSection
EndGlobal
